// !$*UTF8*$!
{
	archiveVersion = 1;
	classes = {
	};
	objectVersion = 46;
	objects = {

/* Begin PBXBuildFile section */
		C428734A162FBAC800C65EE9 /* ParseStarterProjectAppDelegate.m in Sources */ = {isa = PBXBuildFile; fileRef = C4287330162FB99400C65EE9 /* ParseStarterProjectAppDelegate.m */; };
		C428734C162FBAC800C65EE9 /* main.m in Sources */ = {isa = PBXBuildFile; fileRef = C4287340162FB9B300C65EE9 /* main.m */; };
		C428734E162FBAC800C65EE9 /* AdSupport.framework in Frameworks */ = {isa = PBXBuildFile; fileRef = 6372FF571613CC47002132AF /* AdSupport.framework */; settings = {ATTRIBUTES = (Weak, ); }; };
		C428734F162FBAC800C65EE9 /* Social.framework in Frameworks */ = {isa = PBXBuildFile; fileRef = 6372FF551613CC42002132AF /* Social.framework */; settings = {ATTRIBUTES = (Weak, ); }; };
		C4287350162FBAC800C65EE9 /* Accounts.framework in Frameworks */ = {isa = PBXBuildFile; fileRef = 6372FF521613CC3C002132AF /* Accounts.framework */; settings = {ATTRIBUTES = (Weak, ); }; };
		C4287351162FBAC800C65EE9 /* libsqlite3.dylib in Frameworks */ = {isa = PBXBuildFile; fileRef = 6332375315E438E900AE2736 /* libsqlite3.dylib */; };
		C4287352162FBAC800C65EE9 /* StoreKit.framework in Frameworks */ = {isa = PBXBuildFile; fileRef = 4998650415BF305000803E05 /* StoreKit.framework */; };
		C4287353162FBAC800C65EE9 /* CoreGraphics.framework in Frameworks */ = {isa = PBXBuildFile; fileRef = 743D7B6C157DA60100084B67 /* CoreGraphics.framework */; };
		C4287354162FBAC800C65EE9 /* QuartzCore.framework in Frameworks */ = {isa = PBXBuildFile; fileRef = 2FCDD6AF14A573F500295AAC /* QuartzCore.framework */; };
		C4287355162FBAC800C65EE9 /* libz.1.1.3.dylib in Frameworks */ = {isa = PBXBuildFile; fileRef = 099CCEAC13F9E3760039A464 /* libz.1.1.3.dylib */; };
		C4287356162FBAC800C65EE9 /* Security.framework in Frameworks */ = {isa = PBXBuildFile; fileRef = 09BEF34B13D51C3F001BBCDB /* Security.framework */; };
		C4287357162FBAC800C65EE9 /* AudioToolbox.framework in Frameworks */ = {isa = PBXBuildFile; fileRef = 095ACE8513C68EA300566243 /* AudioToolbox.framework */; };
		C4287358162FBAC800C65EE9 /* MobileCoreServices.framework in Frameworks */ = {isa = PBXBuildFile; fileRef = 092354B613A1D83C00DA740F /* MobileCoreServices.framework */; };
		C4287359162FBAC800C65EE9 /* SystemConfiguration.framework in Frameworks */ = {isa = PBXBuildFile; fileRef = 092354B413A1D7F000DA740F /* SystemConfiguration.framework */; };
		C428735A162FBAC800C65EE9 /* CFNetwork.framework in Frameworks */ = {isa = PBXBuildFile; fileRef = 092354B213A1D7EB00DA740F /* CFNetwork.framework */; };
		C428735B162FBAC800C65EE9 /* UIKit.framework in Frameworks */ = {isa = PBXBuildFile; fileRef = 09ABC07113A1D52D009C3FCF /* UIKit.framework */; };
		C428735C162FBAC800C65EE9 /* Foundation.framework in Frameworks */ = {isa = PBXBuildFile; fileRef = 09ABC07313A1D52D009C3FCF /* Foundation.framework */; };
		C428735D162FBAC800C65EE9 /* Parse.framework in Frameworks */ = {isa = PBXBuildFile; fileRef = 094AC9FF14367ACD008398F8 /* Parse.framework */; };
		C4287361162FBAC800C65EE9 /* AnySet-Info.plist in Resources */ = {isa = PBXBuildFile; fileRef = C428733B162FB9B300C65EE9 /* AnySet-Info.plist */; };
		C4287362162FBAC800C65EE9 /* Default-568h@2x.png in Resources */ = {isa = PBXBuildFile; fileRef = C428733C162FB9B300C65EE9 /* Default-568h@2x.png */; };
		C4287363162FBAC800C65EE9 /* Default.png in Resources */ = {isa = PBXBuildFile; fileRef = C428733D162FB9B300C65EE9 /* Default.png */; };
		C4287364162FBAC800C65EE9 /* Default@2x.png in Resources */ = {isa = PBXBuildFile; fileRef = C428733E162FB9B300C65EE9 /* Default@2x.png */; };
		C4287365162FBAC800C65EE9 /* Entitlements.plist in Resources */ = {isa = PBXBuildFile; fileRef = C4287346162FB9CE00C65EE9 /* Entitlements.plist */; };
		C4287378162FBBFE00C65EE9 /* SongRequestTableViewController.m in Sources */ = {isa = PBXBuildFile; fileRef = C4287377162FBBFE00C65EE9 /* SongRequestTableViewController.m */; };
		C428737A162FC16500C65EE9 /* MainWindow.xib in Resources */ = {isa = PBXBuildFile; fileRef = C4287379162FC16500C65EE9 /* MainWindow.xib */; };
		C428737D162FC22300C65EE9 /* SongDetailViewController.m in Sources */ = {isa = PBXBuildFile; fileRef = C428737C162FC22300C65EE9 /* SongDetailViewController.m */; };
		C4A1B350162FC6C20020FFBD /* Icon.png in Resources */ = {isa = PBXBuildFile; fileRef = C4A1B34E162FC6C20020FFBD /* Icon.png */; };
		C4A1B351162FC6C20020FFBD /* Icon@2x.png in Resources */ = {isa = PBXBuildFile; fileRef = C4A1B34F162FC6C20020FFBD /* Icon@2x.png */; };
		E9A46564162FBF9200644E7B /* SPClientUpsellViewController.m in Sources */ = {isa = PBXBuildFile; fileRef = E9A46557162FBF9200644E7B /* SPClientUpsellViewController.m */; };
		E9A46565162FBF9200644E7B /* SPFacebookPermissionsViewController.m in Sources */ = {isa = PBXBuildFile; fileRef = E9A46559162FBF9200644E7B /* SPFacebookPermissionsViewController.m */; };
		E9A46566162FBF9200644E7B /* SPLicenseViewController.m in Sources */ = {isa = PBXBuildFile; fileRef = E9A4655B162FBF9200644E7B /* SPLicenseViewController.m */; };
		E9A46567162FBF9200644E7B /* SPLoginLogicViewController.m in Sources */ = {isa = PBXBuildFile; fileRef = E9A4655D162FBF9200644E7B /* SPLoginLogicViewController.m */; };
		E9A46568162FBF9200644E7B /* SPLoginViewController.m in Sources */ = {isa = PBXBuildFile; fileRef = E9A4655F162FBF9200644E7B /* SPLoginViewController.m */; };
		E9A46569162FBF9200644E7B /* SPSignupViewController.m in Sources */ = {isa = PBXBuildFile; fileRef = E9A46562162FBF9200644E7B /* SPSignupViewController.m */; };
		E9A465A0162FC01A00644E7B /* AppledocSettings.plist in Resources */ = {isa = PBXBuildFile; fileRef = E9A4656A162FC01A00644E7B /* AppledocSettings.plist */; };
		E9A465A1162FC01A00644E7B /* SPAlbum.m in Sources */ = {isa = PBXBuildFile; fileRef = E9A4656E162FC01A00644E7B /* SPAlbum.m */; };
		E9A465A2162FC01A00644E7B /* SPAlbumBrowse.m in Sources */ = {isa = PBXBuildFile; fileRef = E9A46570162FC01A00644E7B /* SPAlbumBrowse.m */; };
		E9A465A3162FC01A00644E7B /* SPArtist.m in Sources */ = {isa = PBXBuildFile; fileRef = E9A46572162FC01A00644E7B /* SPArtist.m */; };
		E9A465A4162FC01A00644E7B /* SPArtistBrowse.m in Sources */ = {isa = PBXBuildFile; fileRef = E9A46574162FC01A00644E7B /* SPArtistBrowse.m */; };
		E9A465A5162FC01A00644E7B /* SPAsyncLoading.m in Sources */ = {isa = PBXBuildFile; fileRef = E9A46576162FC01A00644E7B /* SPAsyncLoading.m */; };
		E9A465A6162FC01A00644E7B /* SPCircularBuffer.m in Sources */ = {isa = PBXBuildFile; fileRef = E9A46578162FC01A00644E7B /* SPCircularBuffer.m */; };
		E9A465A7162FC01A00644E7B /* SPCoreAudioController.m in Sources */ = {isa = PBXBuildFile; fileRef = E9A4657B162FC01A00644E7B /* SPCoreAudioController.m */; };
		E9A465A8162FC01A00644E7B /* SPErrorExtensions.m in Sources */ = {isa = PBXBuildFile; fileRef = E9A4657D162FC01A00644E7B /* SPErrorExtensions.m */; };
		E9A465A9162FC01A00644E7B /* SPImage.m in Sources */ = {isa = PBXBuildFile; fileRef = E9A4657F162FC01A00644E7B /* SPImage.m */; };
		E9A465AA162FC01A00644E7B /* SPPlaybackManager.m in Sources */ = {isa = PBXBuildFile; fileRef = E9A46581162FC01A00644E7B /* SPPlaybackManager.m */; };
		E9A465AB162FC01A00644E7B /* SPPlaylist.m in Sources */ = {isa = PBXBuildFile; fileRef = E9A46583162FC01A00644E7B /* SPPlaylist.m */; };
		E9A465AC162FC01A00644E7B /* SPPlaylistContainer.m in Sources */ = {isa = PBXBuildFile; fileRef = E9A46585162FC01A00644E7B /* SPPlaylistContainer.m */; };
		E9A465AD162FC01A00644E7B /* SPPlaylistFolder.m in Sources */ = {isa = PBXBuildFile; fileRef = E9A46588162FC01A00644E7B /* SPPlaylistFolder.m */; };
		E9A465AE162FC01A00644E7B /* SPPlaylistItem.m in Sources */ = {isa = PBXBuildFile; fileRef = E9A4658C162FC01A00644E7B /* SPPlaylistItem.m */; };
		E9A465AF162FC01A00644E7B /* SPPostTracksToInboxOperation.m in Sources */ = {isa = PBXBuildFile; fileRef = E9A4658F162FC01A00644E7B /* SPPostTracksToInboxOperation.m */; };
		E9A465B0162FC01A00644E7B /* SPSearch.m in Sources */ = {isa = PBXBuildFile; fileRef = E9A46591162FC01A00644E7B /* SPSearch.m */; };
		E9A465B1162FC01A00644E7B /* SPSession.m in Sources */ = {isa = PBXBuildFile; fileRef = E9A46593162FC01A00644E7B /* SPSession.m */; };
		E9A465B2162FC01A00644E7B /* SPToplist.m in Sources */ = {isa = PBXBuildFile; fileRef = E9A46596162FC01A00644E7B /* SPToplist.m */; };
		E9A465B3162FC01A00644E7B /* SPTrack.m in Sources */ = {isa = PBXBuildFile; fileRef = E9A46598162FC01A00644E7B /* SPTrack.m */; };
		E9A465B4162FC01A00644E7B /* SPUnknownPlaylist.m in Sources */ = {isa = PBXBuildFile; fileRef = E9A4659B162FC01A00644E7B /* SPUnknownPlaylist.m */; };
		E9A465B5162FC01A00644E7B /* SPURLExtensions.m in Sources */ = {isa = PBXBuildFile; fileRef = E9A4659D162FC01A00644E7B /* SPURLExtensions.m */; };
		E9A465B6162FC01A00644E7B /* SPUser.m in Sources */ = {isa = PBXBuildFile; fileRef = E9A4659F162FC01A00644E7B /* SPUser.m */; };
		E9A465B8162FC15900644E7B /* SPLoginResources.bundle in Resources */ = {isa = PBXBuildFile; fileRef = E9A465B7162FC15900644E7B /* SPLoginResources.bundle */; };
		E9A465BA162FC19C00644E7B /* libstdc++.dylib in Frameworks */ = {isa = PBXBuildFile; fileRef = E9A465B9162FC19C00644E7B /* libstdc++.dylib */; };
		E9A465BC162FC1A300644E7B /* CoreAudio.framework in Frameworks */ = {isa = PBXBuildFile; fileRef = E9A465BB162FC1A300644E7B /* CoreAudio.framework */; };
		E9A465BE162FC1B000644E7B /* AVFoundation.framework in Frameworks */ = {isa = PBXBuildFile; fileRef = E9A465BD162FC1B000644E7B /* AVFoundation.framework */; };
		E9A465C7162FC7D100644E7B /* libspotify.framework in Frameworks */ = {isa = PBXBuildFile; fileRef = E9A465C6162FC7D100644E7B /* libspotify.framework */; };
/* End PBXBuildFile section */

/* Begin PBXFileReference section */
		092354B213A1D7EB00DA740F /* CFNetwork.framework */ = {isa = PBXFileReference; lastKnownFileType = wrapper.framework; name = CFNetwork.framework; path = System/Library/Frameworks/CFNetwork.framework; sourceTree = SDKROOT; };
		092354B413A1D7F000DA740F /* SystemConfiguration.framework */ = {isa = PBXFileReference; lastKnownFileType = wrapper.framework; name = SystemConfiguration.framework; path = System/Library/Frameworks/SystemConfiguration.framework; sourceTree = SDKROOT; };
		092354B613A1D83C00DA740F /* MobileCoreServices.framework */ = {isa = PBXFileReference; lastKnownFileType = wrapper.framework; name = MobileCoreServices.framework; path = System/Library/Frameworks/MobileCoreServices.framework; sourceTree = SDKROOT; };
		094AC9FF14367ACD008398F8 /* Parse.framework */ = {isa = PBXFileReference; lastKnownFileType = wrapper.framework; path = Parse.framework; sourceTree = "<group>"; };
		095ACE8513C68EA300566243 /* AudioToolbox.framework */ = {isa = PBXFileReference; lastKnownFileType = wrapper.framework; name = AudioToolbox.framework; path = System/Library/Frameworks/AudioToolbox.framework; sourceTree = SDKROOT; };
		099CCEAC13F9E3760039A464 /* libz.1.1.3.dylib */ = {isa = PBXFileReference; lastKnownFileType = "compiled.mach-o.dylib"; name = libz.1.1.3.dylib; path = usr/lib/libz.1.1.3.dylib; sourceTree = SDKROOT; };
		09ABC07113A1D52D009C3FCF /* UIKit.framework */ = {isa = PBXFileReference; lastKnownFileType = wrapper.framework; name = UIKit.framework; path = System/Library/Frameworks/UIKit.framework; sourceTree = SDKROOT; };
		09ABC07313A1D52D009C3FCF /* Foundation.framework */ = {isa = PBXFileReference; lastKnownFileType = wrapper.framework; name = Foundation.framework; path = System/Library/Frameworks/Foundation.framework; sourceTree = SDKROOT; };
		09BEF34B13D51C3F001BBCDB /* Security.framework */ = {isa = PBXFileReference; lastKnownFileType = wrapper.framework; name = Security.framework; path = System/Library/Frameworks/Security.framework; sourceTree = SDKROOT; };
		2FCDD6AF14A573F500295AAC /* QuartzCore.framework */ = {isa = PBXFileReference; lastKnownFileType = wrapper.framework; name = QuartzCore.framework; path = System/Library/Frameworks/QuartzCore.framework; sourceTree = SDKROOT; };
		4998650415BF305000803E05 /* StoreKit.framework */ = {isa = PBXFileReference; lastKnownFileType = wrapper.framework; name = StoreKit.framework; path = System/Library/Frameworks/StoreKit.framework; sourceTree = SDKROOT; };
		6332375315E438E900AE2736 /* libsqlite3.dylib */ = {isa = PBXFileReference; lastKnownFileType = "compiled.mach-o.dylib"; name = libsqlite3.dylib; path = usr/lib/libsqlite3.dylib; sourceTree = SDKROOT; };
		6372FF521613CC3C002132AF /* Accounts.framework */ = {isa = PBXFileReference; lastKnownFileType = wrapper.framework; name = Accounts.framework; path = System/Library/Frameworks/Accounts.framework; sourceTree = SDKROOT; };
		6372FF551613CC42002132AF /* Social.framework */ = {isa = PBXFileReference; lastKnownFileType = wrapper.framework; name = Social.framework; path = System/Library/Frameworks/Social.framework; sourceTree = SDKROOT; };
		6372FF571613CC47002132AF /* AdSupport.framework */ = {isa = PBXFileReference; lastKnownFileType = wrapper.framework; name = AdSupport.framework; path = System/Library/Frameworks/AdSupport.framework; sourceTree = SDKROOT; };
		743D7B6C157DA60100084B67 /* CoreGraphics.framework */ = {isa = PBXFileReference; lastKnownFileType = wrapper.framework; name = CoreGraphics.framework; path = System/Library/Frameworks/CoreGraphics.framework; sourceTree = SDKROOT; };
		C428732F162FB99400C65EE9 /* ParseStarterProjectAppDelegate.h */ = {isa = PBXFileReference; fileEncoding = 4; lastKnownFileType = sourcecode.c.h; name = ParseStarterProjectAppDelegate.h; path = AnySet/ParseStarterProjectAppDelegate.h; sourceTree = SOURCE_ROOT; };
		C4287330162FB99400C65EE9 /* ParseStarterProjectAppDelegate.m */ = {isa = PBXFileReference; fileEncoding = 4; lastKnownFileType = sourcecode.c.objc; name = ParseStarterProjectAppDelegate.m; path = AnySet/ParseStarterProjectAppDelegate.m; sourceTree = SOURCE_ROOT; };
		C428733B162FB9B300C65EE9 /* AnySet-Info.plist */ = {isa = PBXFileReference; fileEncoding = 4; lastKnownFileType = text.plist.xml; name = "AnySet-Info.plist"; path = "AnySet/AnySet-Info.plist"; sourceTree = SOURCE_ROOT; };
		C428733C162FB9B300C65EE9 /* Default-568h@2x.png */ = {isa = PBXFileReference; lastKnownFileType = image.png; name = "Default-568h@2x.png"; path = "AnySet/Default-568h@2x.png"; sourceTree = SOURCE_ROOT; };
		C428733D162FB9B300C65EE9 /* Default.png */ = {isa = PBXFileReference; lastKnownFileType = image.png; name = Default.png; path = AnySet/Default.png; sourceTree = SOURCE_ROOT; };
		C428733E162FB9B300C65EE9 /* Default@2x.png */ = {isa = PBXFileReference; lastKnownFileType = image.png; name = "Default@2x.png"; path = "AnySet/Default@2x.png"; sourceTree = SOURCE_ROOT; };
		C428733F162FB9B300C65EE9 /* AnySet-Prefix.pch */ = {isa = PBXFileReference; fileEncoding = 4; lastKnownFileType = sourcecode.c.h; name = "AnySet-Prefix.pch"; path = "AnySet/AnySet-Prefix.pch"; sourceTree = SOURCE_ROOT; };
		C4287340162FB9B300C65EE9 /* main.m */ = {isa = PBXFileReference; fileEncoding = 4; lastKnownFileType = sourcecode.c.objc; name = main.m; path = AnySet/main.m; sourceTree = SOURCE_ROOT; };
		C4287346162FB9CE00C65EE9 /* Entitlements.plist */ = {isa = PBXFileReference; fileEncoding = 4; lastKnownFileType = text.plist.xml; name = Entitlements.plist; path = AnySet/Entitlements.plist; sourceTree = SOURCE_ROOT; };
		C4287369162FBAC800C65EE9 /* AnySet.app */ = {isa = PBXFileReference; explicitFileType = wrapper.application; includeInIndex = 0; path = AnySet.app; sourceTree = BUILT_PRODUCTS_DIR; };
		C4287376162FBBFE00C65EE9 /* SongRequestTableViewController.h */ = {isa = PBXFileReference; fileEncoding = 4; lastKnownFileType = sourcecode.c.h; name = SongRequestTableViewController.h; path = AnySet/SongRequestTableViewController.h; sourceTree = SOURCE_ROOT; };
		C4287377162FBBFE00C65EE9 /* SongRequestTableViewController.m */ = {isa = PBXFileReference; fileEncoding = 4; lastKnownFileType = sourcecode.c.objc; name = SongRequestTableViewController.m; path = AnySet/SongRequestTableViewController.m; sourceTree = SOURCE_ROOT; };
		C4287379162FC16500C65EE9 /* MainWindow.xib */ = {isa = PBXFileReference; fileEncoding = 4; lastKnownFileType = file.xib; name = MainWindow.xib; path = AnySet/MainWindow.xib; sourceTree = SOURCE_ROOT; };
		C428737B162FC22300C65EE9 /* SongDetailViewController.h */ = {isa = PBXFileReference; fileEncoding = 4; lastKnownFileType = sourcecode.c.h; name = SongDetailViewController.h; path = AnySet/SongDetailViewController.h; sourceTree = SOURCE_ROOT; };
		C428737C162FC22300C65EE9 /* SongDetailViewController.m */ = {isa = PBXFileReference; fileEncoding = 4; lastKnownFileType = sourcecode.c.objc; name = SongDetailViewController.m; path = AnySet/SongDetailViewController.m; sourceTree = SOURCE_ROOT; };
		C4A1B34E162FC6C20020FFBD /* Icon.png */ = {isa = PBXFileReference; lastKnownFileType = image.png; name = Icon.png; path = "Resources-iPad/Icon.png"; sourceTree = "<group>"; };
		C4A1B34F162FC6C20020FFBD /* Icon@2x.png */ = {isa = PBXFileReference; lastKnownFileType = image.png; name = "Icon@2x.png"; path = "Resources-iPad/Icon@2x.png"; sourceTree = "<group>"; };
		E9A46556162FBF9200644E7B /* SPClientUpsellViewController.h */ = {isa = PBXFileReference; fileEncoding = 4; lastKnownFileType = sourcecode.c.h; path = SPClientUpsellViewController.h; sourceTree = "<group>"; };
		E9A46557162FBF9200644E7B /* SPClientUpsellViewController.m */ = {isa = PBXFileReference; fileEncoding = 4; lastKnownFileType = sourcecode.c.objc; path = SPClientUpsellViewController.m; sourceTree = "<group>"; };
		E9A46558162FBF9200644E7B /* SPFacebookPermissionsViewController.h */ = {isa = PBXFileReference; fileEncoding = 4; lastKnownFileType = sourcecode.c.h; path = SPFacebookPermissionsViewController.h; sourceTree = "<group>"; };
		E9A46559162FBF9200644E7B /* SPFacebookPermissionsViewController.m */ = {isa = PBXFileReference; fileEncoding = 4; lastKnownFileType = sourcecode.c.objc; path = SPFacebookPermissionsViewController.m; sourceTree = "<group>"; };
		E9A4655A162FBF9200644E7B /* SPLicenseViewController.h */ = {isa = PBXFileReference; fileEncoding = 4; lastKnownFileType = sourcecode.c.h; path = SPLicenseViewController.h; sourceTree = "<group>"; };
		E9A4655B162FBF9200644E7B /* SPLicenseViewController.m */ = {isa = PBXFileReference; fileEncoding = 4; lastKnownFileType = sourcecode.c.objc; path = SPLicenseViewController.m; sourceTree = "<group>"; };
		E9A4655C162FBF9200644E7B /* SPLoginLogicViewController.h */ = {isa = PBXFileReference; fileEncoding = 4; lastKnownFileType = sourcecode.c.h; path = SPLoginLogicViewController.h; sourceTree = "<group>"; };
		E9A4655D162FBF9200644E7B /* SPLoginLogicViewController.m */ = {isa = PBXFileReference; fileEncoding = 4; lastKnownFileType = sourcecode.c.objc; path = SPLoginLogicViewController.m; sourceTree = "<group>"; };
		E9A4655E162FBF9200644E7B /* SPLoginViewController.h */ = {isa = PBXFileReference; fileEncoding = 4; lastKnownFileType = sourcecode.c.h; path = SPLoginViewController.h; sourceTree = "<group>"; };
		E9A4655F162FBF9200644E7B /* SPLoginViewController.m */ = {isa = PBXFileReference; fileEncoding = 4; lastKnownFileType = sourcecode.c.objc; path = SPLoginViewController.m; sourceTree = "<group>"; };
		E9A46560162FBF9200644E7B /* SPLoginViewControllerInternal.h */ = {isa = PBXFileReference; fileEncoding = 4; lastKnownFileType = sourcecode.c.h; path = SPLoginViewControllerInternal.h; sourceTree = "<group>"; };
		E9A46561162FBF9200644E7B /* SPSignupViewController.h */ = {isa = PBXFileReference; fileEncoding = 4; lastKnownFileType = sourcecode.c.h; path = SPSignupViewController.h; sourceTree = "<group>"; };
		E9A46562162FBF9200644E7B /* SPSignupViewController.m */ = {isa = PBXFileReference; fileEncoding = 4; lastKnownFileType = sourcecode.c.objc; path = SPSignupViewController.m; sourceTree = "<group>"; };
		E9A4656A162FC01A00644E7B /* AppledocSettings.plist */ = {isa = PBXFileReference; fileEncoding = 4; lastKnownFileType = text.plist.xml; path = AppledocSettings.plist; sourceTree = "<group>"; };
		E9A4656B162FC01A00644E7B /* CocoaLibSpotify.h */ = {isa = PBXFileReference; fileEncoding = 4; lastKnownFileType = sourcecode.c.h; path = CocoaLibSpotify.h; sourceTree = "<group>"; };
		E9A4656C162FC01A00644E7B /* CocoaLibSpotifyPlatformImports.h */ = {isa = PBXFileReference; fileEncoding = 4; lastKnownFileType = sourcecode.c.h; path = CocoaLibSpotifyPlatformImports.h; sourceTree = "<group>"; };
		E9A4656D162FC01A00644E7B /* SPAlbum.h */ = {isa = PBXFileReference; fileEncoding = 4; lastKnownFileType = sourcecode.c.h; path = SPAlbum.h; sourceTree = "<group>"; };
		E9A4656E162FC01A00644E7B /* SPAlbum.m */ = {isa = PBXFileReference; fileEncoding = 4; lastKnownFileType = sourcecode.c.objc; path = SPAlbum.m; sourceTree = "<group>"; };
		E9A4656F162FC01A00644E7B /* SPAlbumBrowse.h */ = {isa = PBXFileReference; fileEncoding = 4; lastKnownFileType = sourcecode.c.h; path = SPAlbumBrowse.h; sourceTree = "<group>"; };
		E9A46570162FC01A00644E7B /* SPAlbumBrowse.m */ = {isa = PBXFileReference; fileEncoding = 4; lastKnownFileType = sourcecode.c.objc; path = SPAlbumBrowse.m; sourceTree = "<group>"; };
		E9A46571162FC01A00644E7B /* SPArtist.h */ = {isa = PBXFileReference; fileEncoding = 4; lastKnownFileType = sourcecode.c.h; path = SPArtist.h; sourceTree = "<group>"; };
		E9A46572162FC01A00644E7B /* SPArtist.m */ = {isa = PBXFileReference; fileEncoding = 4; lastKnownFileType = sourcecode.c.objc; path = SPArtist.m; sourceTree = "<group>"; };
		E9A46573162FC01A00644E7B /* SPArtistBrowse.h */ = {isa = PBXFileReference; fileEncoding = 4; lastKnownFileType = sourcecode.c.h; path = SPArtistBrowse.h; sourceTree = "<group>"; };
		E9A46574162FC01A00644E7B /* SPArtistBrowse.m */ = {isa = PBXFileReference; fileEncoding = 4; lastKnownFileType = sourcecode.c.objc; path = SPArtistBrowse.m; sourceTree = "<group>"; };
		E9A46575162FC01A00644E7B /* SPAsyncLoading.h */ = {isa = PBXFileReference; fileEncoding = 4; lastKnownFileType = sourcecode.c.h; path = SPAsyncLoading.h; sourceTree = "<group>"; };
		E9A46576162FC01A00644E7B /* SPAsyncLoading.m */ = {isa = PBXFileReference; fileEncoding = 4; lastKnownFileType = sourcecode.c.objc; path = SPAsyncLoading.m; sourceTree = "<group>"; };
		E9A46577162FC01A00644E7B /* SPCircularBuffer.h */ = {isa = PBXFileReference; fileEncoding = 4; lastKnownFileType = sourcecode.c.h; path = SPCircularBuffer.h; sourceTree = "<group>"; };
		E9A46578162FC01A00644E7B /* SPCircularBuffer.m */ = {isa = PBXFileReference; fileEncoding = 4; lastKnownFileType = sourcecode.c.objc; path = SPCircularBuffer.m; sourceTree = "<group>"; };
		E9A46579162FC01A00644E7B /* SPCommon.h */ = {isa = PBXFileReference; fileEncoding = 4; lastKnownFileType = sourcecode.c.h; path = SPCommon.h; sourceTree = "<group>"; };
		E9A4657A162FC01A00644E7B /* SPCoreAudioController.h */ = {isa = PBXFileReference; fileEncoding = 4; lastKnownFileType = sourcecode.c.h; path = SPCoreAudioController.h; sourceTree = "<group>"; };
		E9A4657B162FC01A00644E7B /* SPCoreAudioController.m */ = {isa = PBXFileReference; fileEncoding = 4; lastKnownFileType = sourcecode.c.objc; path = SPCoreAudioController.m; sourceTree = "<group>"; };
		E9A4657C162FC01A00644E7B /* SPErrorExtensions.h */ = {isa = PBXFileReference; fileEncoding = 4; lastKnownFileType = sourcecode.c.h; path = SPErrorExtensions.h; sourceTree = "<group>"; };
		E9A4657D162FC01A00644E7B /* SPErrorExtensions.m */ = {isa = PBXFileReference; fileEncoding = 4; lastKnownFileType = sourcecode.c.objc; path = SPErrorExtensions.m; sourceTree = "<group>"; };
		E9A4657E162FC01A00644E7B /* SPImage.h */ = {isa = PBXFileReference; fileEncoding = 4; lastKnownFileType = sourcecode.c.h; path = SPImage.h; sourceTree = "<group>"; };
		E9A4657F162FC01A00644E7B /* SPImage.m */ = {isa = PBXFileReference; fileEncoding = 4; lastKnownFileType = sourcecode.c.objc; path = SPImage.m; sourceTree = "<group>"; };
		E9A46580162FC01A00644E7B /* SPPlaybackManager.h */ = {isa = PBXFileReference; fileEncoding = 4; lastKnownFileType = sourcecode.c.h; path = SPPlaybackManager.h; sourceTree = "<group>"; };
		E9A46581162FC01A00644E7B /* SPPlaybackManager.m */ = {isa = PBXFileReference; fileEncoding = 4; lastKnownFileType = sourcecode.c.objc; path = SPPlaybackManager.m; sourceTree = "<group>"; };
		E9A46582162FC01A00644E7B /* SPPlaylist.h */ = {isa = PBXFileReference; fileEncoding = 4; lastKnownFileType = sourcecode.c.h; path = SPPlaylist.h; sourceTree = "<group>"; };
		E9A46583162FC01A00644E7B /* SPPlaylist.m */ = {isa = PBXFileReference; fileEncoding = 4; lastKnownFileType = sourcecode.c.objc; path = SPPlaylist.m; sourceTree = "<group>"; };
		E9A46584162FC01A00644E7B /* SPPlaylistContainer.h */ = {isa = PBXFileReference; fileEncoding = 4; lastKnownFileType = sourcecode.c.h; path = SPPlaylistContainer.h; sourceTree = "<group>"; };
		E9A46585162FC01A00644E7B /* SPPlaylistContainer.m */ = {isa = PBXFileReference; fileEncoding = 4; lastKnownFileType = sourcecode.c.objc; path = SPPlaylistContainer.m; sourceTree = "<group>"; };
		E9A46586162FC01A00644E7B /* SPPlaylistContainerInternal.h */ = {isa = PBXFileReference; fileEncoding = 4; lastKnownFileType = sourcecode.c.h; path = SPPlaylistContainerInternal.h; sourceTree = "<group>"; };
		E9A46587162FC01A00644E7B /* SPPlaylistFolder.h */ = {isa = PBXFileReference; fileEncoding = 4; lastKnownFileType = sourcecode.c.h; path = SPPlaylistFolder.h; sourceTree = "<group>"; };
		E9A46588162FC01A00644E7B /* SPPlaylistFolder.m */ = {isa = PBXFileReference; fileEncoding = 4; lastKnownFileType = sourcecode.c.objc; path = SPPlaylistFolder.m; sourceTree = "<group>"; };
		E9A46589162FC01A00644E7B /* SPPlaylistFolderInternal.h */ = {isa = PBXFileReference; fileEncoding = 4; lastKnownFileType = sourcecode.c.h; path = SPPlaylistFolderInternal.h; sourceTree = "<group>"; };
		E9A4658A162FC01A00644E7B /* SPPlaylistInternal.h */ = {isa = PBXFileReference; fileEncoding = 4; lastKnownFileType = sourcecode.c.h; path = SPPlaylistInternal.h; sourceTree = "<group>"; };
		E9A4658B162FC01A00644E7B /* SPPlaylistItem.h */ = {isa = PBXFileReference; fileEncoding = 4; lastKnownFileType = sourcecode.c.h; path = SPPlaylistItem.h; sourceTree = "<group>"; };
		E9A4658C162FC01A00644E7B /* SPPlaylistItem.m */ = {isa = PBXFileReference; fileEncoding = 4; lastKnownFileType = sourcecode.c.objc; path = SPPlaylistItem.m; sourceTree = "<group>"; };
		E9A4658D162FC01A00644E7B /* SPPlaylistItemInternal.h */ = {isa = PBXFileReference; fileEncoding = 4; lastKnownFileType = sourcecode.c.h; path = SPPlaylistItemInternal.h; sourceTree = "<group>"; };
		E9A4658E162FC01A00644E7B /* SPPostTracksToInboxOperation.h */ = {isa = PBXFileReference; fileEncoding = 4; lastKnownFileType = sourcecode.c.h; path = SPPostTracksToInboxOperation.h; sourceTree = "<group>"; };
		E9A4658F162FC01A00644E7B /* SPPostTracksToInboxOperation.m */ = {isa = PBXFileReference; fileEncoding = 4; lastKnownFileType = sourcecode.c.objc; path = SPPostTracksToInboxOperation.m; sourceTree = "<group>"; };
		E9A46590162FC01A00644E7B /* SPSearch.h */ = {isa = PBXFileReference; fileEncoding = 4; lastKnownFileType = sourcecode.c.h; path = SPSearch.h; sourceTree = "<group>"; };
		E9A46591162FC01A00644E7B /* SPSearch.m */ = {isa = PBXFileReference; fileEncoding = 4; lastKnownFileType = sourcecode.c.objc; path = SPSearch.m; sourceTree = "<group>"; };
		E9A46592162FC01A00644E7B /* SPSession.h */ = {isa = PBXFileReference; fileEncoding = 4; lastKnownFileType = sourcecode.c.h; path = SPSession.h; sourceTree = "<group>"; };
		E9A46593162FC01A00644E7B /* SPSession.m */ = {isa = PBXFileReference; fileEncoding = 4; lastKnownFileType = sourcecode.c.objc; path = SPSession.m; sourceTree = "<group>"; };
		E9A46594162FC01A00644E7B /* SPSessionInternal.h */ = {isa = PBXFileReference; fileEncoding = 4; lastKnownFileType = sourcecode.c.h; path = SPSessionInternal.h; sourceTree = "<group>"; };
		E9A46595162FC01A00644E7B /* SPToplist.h */ = {isa = PBXFileReference; fileEncoding = 4; lastKnownFileType = sourcecode.c.h; path = SPToplist.h; sourceTree = "<group>"; };
		E9A46596162FC01A00644E7B /* SPToplist.m */ = {isa = PBXFileReference; fileEncoding = 4; lastKnownFileType = sourcecode.c.objc; path = SPToplist.m; sourceTree = "<group>"; };
		E9A46597162FC01A00644E7B /* SPTrack.h */ = {isa = PBXFileReference; fileEncoding = 4; lastKnownFileType = sourcecode.c.h; path = SPTrack.h; sourceTree = "<group>"; };
		E9A46598162FC01A00644E7B /* SPTrack.m */ = {isa = PBXFileReference; fileEncoding = 4; lastKnownFileType = sourcecode.c.objc; path = SPTrack.m; sourceTree = "<group>"; };
		E9A46599162FC01A00644E7B /* SPTrackInternal.h */ = {isa = PBXFileReference; fileEncoding = 4; lastKnownFileType = sourcecode.c.h; path = SPTrackInternal.h; sourceTree = "<group>"; };
		E9A4659A162FC01A00644E7B /* SPUnknownPlaylist.h */ = {isa = PBXFileReference; fileEncoding = 4; lastKnownFileType = sourcecode.c.h; path = SPUnknownPlaylist.h; sourceTree = "<group>"; };
		E9A4659B162FC01A00644E7B /* SPUnknownPlaylist.m */ = {isa = PBXFileReference; fileEncoding = 4; lastKnownFileType = sourcecode.c.objc; path = SPUnknownPlaylist.m; sourceTree = "<group>"; };
		E9A4659C162FC01A00644E7B /* SPURLExtensions.h */ = {isa = PBXFileReference; fileEncoding = 4; lastKnownFileType = sourcecode.c.h; path = SPURLExtensions.h; sourceTree = "<group>"; };
		E9A4659D162FC01A00644E7B /* SPURLExtensions.m */ = {isa = PBXFileReference; fileEncoding = 4; lastKnownFileType = sourcecode.c.objc; path = SPURLExtensions.m; sourceTree = "<group>"; };
		E9A4659E162FC01A00644E7B /* SPUser.h */ = {isa = PBXFileReference; fileEncoding = 4; lastKnownFileType = sourcecode.c.h; path = SPUser.h; sourceTree = "<group>"; };
		E9A4659F162FC01A00644E7B /* SPUser.m */ = {isa = PBXFileReference; fileEncoding = 4; lastKnownFileType = sourcecode.c.objc; path = SPUser.m; sourceTree = "<group>"; };
		E9A465B7162FC15900644E7B /* SPLoginResources.bundle */ = {isa = PBXFileReference; lastKnownFileType = "wrapper.plug-in"; path = SPLoginResources.bundle; sourceTree = "<group>"; };
		E9A465B9162FC19C00644E7B /* libstdc++.dylib */ = {isa = PBXFileReference; lastKnownFileType = "compiled.mach-o.dylib"; name = "libstdc++.dylib"; path = "usr/lib/libstdc++.dylib"; sourceTree = SDKROOT; };
		E9A465BB162FC1A300644E7B /* CoreAudio.framework */ = {isa = PBXFileReference; lastKnownFileType = wrapper.framework; name = CoreAudio.framework; path = System/Library/Frameworks/CoreAudio.framework; sourceTree = SDKROOT; };
		E9A465BD162FC1B000644E7B /* AVFoundation.framework */ = {isa = PBXFileReference; lastKnownFileType = wrapper.framework; name = AVFoundation.framework; path = System/Library/Frameworks/AVFoundation.framework; sourceTree = SDKROOT; };
		E9A465C6162FC7D100644E7B /* libspotify.framework */ = {isa = PBXFileReference; lastKnownFileType = wrapper.framework; path = libspotify.framework; sourceTree = "<group>"; };
/* End PBXFileReference section */

/* Begin PBXFrameworksBuildPhase section */
		C428734D162FBAC800C65EE9 /* Frameworks */ = {
			isa = PBXFrameworksBuildPhase;
			buildActionMask = 2147483647;
			files = (
				E9A465BE162FC1B000644E7B /* AVFoundation.framework in Frameworks */,
				C4287357162FBAC800C65EE9 /* AudioToolbox.framework in Frameworks */,
				E9A465BC162FC1A300644E7B /* CoreAudio.framework in Frameworks */,
				E9A465BA162FC19C00644E7B /* libstdc++.dylib in Frameworks */,
				C428735A162FBAC800C65EE9 /* CFNetwork.framework in Frameworks */,
				C428734E162FBAC800C65EE9 /* AdSupport.framework in Frameworks */,
				C428734F162FBAC800C65EE9 /* Social.framework in Frameworks */,
				C4287350162FBAC800C65EE9 /* Accounts.framework in Frameworks */,
				C4287351162FBAC800C65EE9 /* libsqlite3.dylib in Frameworks */,
				C4287352162FBAC800C65EE9 /* StoreKit.framework in Frameworks */,
				C4287353162FBAC800C65EE9 /* CoreGraphics.framework in Frameworks */,
				C4287354162FBAC800C65EE9 /* QuartzCore.framework in Frameworks */,
				C4287355162FBAC800C65EE9 /* libz.1.1.3.dylib in Frameworks */,
				C4287356162FBAC800C65EE9 /* Security.framework in Frameworks */,
				C4287358162FBAC800C65EE9 /* MobileCoreServices.framework in Frameworks */,
				C4287359162FBAC800C65EE9 /* SystemConfiguration.framework in Frameworks */,
				C428735B162FBAC800C65EE9 /* UIKit.framework in Frameworks */,
				C428735C162FBAC800C65EE9 /* Foundation.framework in Frameworks */,
				C428735D162FBAC800C65EE9 /* Parse.framework in Frameworks */,
				E9A465C7162FC7D100644E7B /* libspotify.framework in Frameworks */,
			);
			runOnlyForDeploymentPostprocessing = 0;
		};
/* End PBXFrameworksBuildPhase section */

/* Begin PBXGroup section */
		09ABC06213A1D52D009C3FCF = {
			isa = PBXGroup;
			children = (
				E9A46552162FBF8500644E7B /* Spotify */,
				C428736B162FBAC800C65EE9 /* Resources-iPad */,
				09ABC07713A1D52D009C3FCF /* AnySet */,
				09ABC07013A1D52D009C3FCF /* Frameworks */,
				09ABC06E13A1D52D009C3FCF /* Products */,
			);
			sourceTree = "<group>";
		};
		09ABC06E13A1D52D009C3FCF /* Products */ = {
			isa = PBXGroup;
			children = (
				C4287369162FBAC800C65EE9 /* AnySet.app */,
			);
			name = Products;
			sourceTree = "<group>";
		};
		09ABC07013A1D52D009C3FCF /* Frameworks */ = {
			isa = PBXGroup;
			children = (
				E9A465BD162FC1B000644E7B /* AVFoundation.framework */,
				E9A465BB162FC1A300644E7B /* CoreAudio.framework */,
				E9A465B9162FC19C00644E7B /* libstdc++.dylib */,
				6372FF571613CC47002132AF /* AdSupport.framework */,
				6372FF551613CC42002132AF /* Social.framework */,
				6372FF521613CC3C002132AF /* Accounts.framework */,
				095ACE8513C68EA300566243 /* AudioToolbox.framework */,
				092354B213A1D7EB00DA740F /* CFNetwork.framework */,
				743D7B6C157DA60100084B67 /* CoreGraphics.framework */,
				09ABC07313A1D52D009C3FCF /* Foundation.framework */,
				6332375315E438E900AE2736 /* libsqlite3.dylib */,
				099CCEAC13F9E3760039A464 /* libz.1.1.3.dylib */,
				092354B613A1D83C00DA740F /* MobileCoreServices.framework */,
				094AC9FF14367ACD008398F8 /* Parse.framework */,
				2FCDD6AF14A573F500295AAC /* QuartzCore.framework */,
				09BEF34B13D51C3F001BBCDB /* Security.framework */,
				4998650415BF305000803E05 /* StoreKit.framework */,
				092354B413A1D7F000DA740F /* SystemConfiguration.framework */,
				09ABC07113A1D52D009C3FCF /* UIKit.framework */,
			);
			name = Frameworks;
			sourceTree = "<group>";
		};
		09ABC07713A1D52D009C3FCF /* AnySet */ = {
			isa = PBXGroup;
			children = (
				C428732F162FB99400C65EE9 /* ParseStarterProjectAppDelegate.h */,
				C4287330162FB99400C65EE9 /* ParseStarterProjectAppDelegate.m */,
				C4287379162FC16500C65EE9 /* MainWindow.xib */,
				C4287376162FBBFE00C65EE9 /* SongRequestTableViewController.h */,
				C4287377162FBBFE00C65EE9 /* SongRequestTableViewController.m */,
				C428737B162FC22300C65EE9 /* SongDetailViewController.h */,
				C428737C162FC22300C65EE9 /* SongDetailViewController.m */,
				09ABC07813A1D52D009C3FCF /* Supporting Files */,
			);
			name = AnySet;
			path = ParseStarterProject;
			sourceTree = "<group>";
		};
		09ABC07813A1D52D009C3FCF /* Supporting Files */ = {
			isa = PBXGroup;
			children = (
				C4287346162FB9CE00C65EE9 /* Entitlements.plist */,
				C428733B162FB9B300C65EE9 /* AnySet-Info.plist */,
				C428733C162FB9B300C65EE9 /* Default-568h@2x.png */,
				C428733D162FB9B300C65EE9 /* Default.png */,
				C428733E162FB9B300C65EE9 /* Default@2x.png */,
				C428733F162FB9B300C65EE9 /* AnySet-Prefix.pch */,
				C4287340162FB9B300C65EE9 /* main.m */,
			);
			name = "Supporting Files";
			sourceTree = "<group>";
		};
		C428736B162FBAC800C65EE9 /* Resources-iPad */ = {
			isa = PBXGroup;
			children = (
				C4A1B34E162FC6C20020FFBD /* Icon.png */,
				C4A1B34F162FC6C20020FFBD /* Icon@2x.png */,
			);
			name = "Resources-iPad";
			sourceTree = "<group>";
		};
		E9A46552162FBF8500644E7B /* Spotify */ = {
			isa = PBXGroup;
			children = (
				E9A465C6162FC7D100644E7B /* libspotify.framework */,
				E9A4656A162FC01A00644E7B /* AppledocSettings.plist */,
				E9A4656B162FC01A00644E7B /* CocoaLibSpotify.h */,
				E9A4656C162FC01A00644E7B /* CocoaLibSpotifyPlatformImports.h */,
				E9A4656D162FC01A00644E7B /* SPAlbum.h */,
				E9A4656E162FC01A00644E7B /* SPAlbum.m */,
				E9A4656F162FC01A00644E7B /* SPAlbumBrowse.h */,
				E9A46570162FC01A00644E7B /* SPAlbumBrowse.m */,
				E9A46571162FC01A00644E7B /* SPArtist.h */,
				E9A46572162FC01A00644E7B /* SPArtist.m */,
				E9A46573162FC01A00644E7B /* SPArtistBrowse.h */,
				E9A46574162FC01A00644E7B /* SPArtistBrowse.m */,
				E9A46575162FC01A00644E7B /* SPAsyncLoading.h */,
				E9A46576162FC01A00644E7B /* SPAsyncLoading.m */,
				E9A46577162FC01A00644E7B /* SPCircularBuffer.h */,
				E9A46578162FC01A00644E7B /* SPCircularBuffer.m */,
				E9A46579162FC01A00644E7B /* SPCommon.h */,
				E9A4657A162FC01A00644E7B /* SPCoreAudioController.h */,
				E9A4657B162FC01A00644E7B /* SPCoreAudioController.m */,
				E9A4657C162FC01A00644E7B /* SPErrorExtensions.h */,
				E9A4657D162FC01A00644E7B /* SPErrorExtensions.m */,
				E9A4657E162FC01A00644E7B /* SPImage.h */,
				E9A4657F162FC01A00644E7B /* SPImage.m */,
				E9A46580162FC01A00644E7B /* SPPlaybackManager.h */,
				E9A46581162FC01A00644E7B /* SPPlaybackManager.m */,
				E9A46582162FC01A00644E7B /* SPPlaylist.h */,
				E9A46583162FC01A00644E7B /* SPPlaylist.m */,
				E9A46584162FC01A00644E7B /* SPPlaylistContainer.h */,
				E9A46585162FC01A00644E7B /* SPPlaylistContainer.m */,
				E9A46586162FC01A00644E7B /* SPPlaylistContainerInternal.h */,
				E9A46587162FC01A00644E7B /* SPPlaylistFolder.h */,
				E9A46588162FC01A00644E7B /* SPPlaylistFolder.m */,
				E9A46589162FC01A00644E7B /* SPPlaylistFolderInternal.h */,
				E9A4658A162FC01A00644E7B /* SPPlaylistInternal.h */,
				E9A4658B162FC01A00644E7B /* SPPlaylistItem.h */,
				E9A4658C162FC01A00644E7B /* SPPlaylistItem.m */,
				E9A4658D162FC01A00644E7B /* SPPlaylistItemInternal.h */,
				E9A4658E162FC01A00644E7B /* SPPostTracksToInboxOperation.h */,
				E9A4658F162FC01A00644E7B /* SPPostTracksToInboxOperation.m */,
				E9A46590162FC01A00644E7B /* SPSearch.h */,
				E9A46591162FC01A00644E7B /* SPSearch.m */,
				E9A46592162FC01A00644E7B /* SPSession.h */,
				E9A46593162FC01A00644E7B /* SPSession.m */,
				E9A46594162FC01A00644E7B /* SPSessionInternal.h */,
				E9A46595162FC01A00644E7B /* SPToplist.h */,
				E9A46596162FC01A00644E7B /* SPToplist.m */,
				E9A46597162FC01A00644E7B /* SPTrack.h */,
				E9A46598162FC01A00644E7B /* SPTrack.m */,
				E9A46599162FC01A00644E7B /* SPTrackInternal.h */,
				E9A4659A162FC01A00644E7B /* SPUnknownPlaylist.h */,
				E9A4659B162FC01A00644E7B /* SPUnknownPlaylist.m */,
				E9A4659C162FC01A00644E7B /* SPURLExtensions.h */,
				E9A4659D162FC01A00644E7B /* SPURLExtensions.m */,
				E9A4659E162FC01A00644E7B /* SPUser.h */,
				E9A4659F162FC01A00644E7B /* SPUser.m */,
				E9A465B7162FC15900644E7B /* SPLoginResources.bundle */,
				E9A46555162FBF9200644E7B /* View Controllers */,
			);
			name = Spotify;
			sourceTree = "<group>";
		};
		E9A46555162FBF9200644E7B /* View Controllers */ = {
			isa = PBXGroup;
			children = (
				E9A46556162FBF9200644E7B /* SPClientUpsellViewController.h */,
				E9A46557162FBF9200644E7B /* SPClientUpsellViewController.m */,
				E9A46558162FBF9200644E7B /* SPFacebookPermissionsViewController.h */,
				E9A46559162FBF9200644E7B /* SPFacebookPermissionsViewController.m */,
				E9A4655A162FBF9200644E7B /* SPLicenseViewController.h */,
				E9A4655B162FBF9200644E7B /* SPLicenseViewController.m */,
				E9A4655C162FBF9200644E7B /* SPLoginLogicViewController.h */,
				E9A4655D162FBF9200644E7B /* SPLoginLogicViewController.m */,
				E9A4655E162FBF9200644E7B /* SPLoginViewController.h */,
				E9A4655F162FBF9200644E7B /* SPLoginViewController.m */,
				E9A46560162FBF9200644E7B /* SPLoginViewControllerInternal.h */,
				E9A46561162FBF9200644E7B /* SPSignupViewController.h */,
				E9A46562162FBF9200644E7B /* SPSignupViewController.m */,
			);
			path = "View Controllers";
			sourceTree = "<group>";
		};
/* End PBXGroup section */

/* Begin PBXNativeTarget section */
		C4287348162FBAC800C65EE9 /* AnySet-iPad */ = {
			isa = PBXNativeTarget;
			buildConfigurationList = C4287366162FBAC800C65EE9 /* Build configuration list for PBXNativeTarget "AnySet-iPad" */;
			buildPhases = (
				C4287349162FBAC800C65EE9 /* Sources */,
				C428734D162FBAC800C65EE9 /* Frameworks */,
				C428735E162FBAC800C65EE9 /* Resources */,
			);
			buildRules = (
			);
			dependencies = (
			);
			name = "AnySet-iPad";
			productName = ParseStarterProject;
			productReference = C4287369162FBAC800C65EE9 /* AnySet.app */;
			productType = "com.apple.product-type.application";
		};
/* End PBXNativeTarget section */

/* Begin PBXProject section */
		09ABC06413A1D52D009C3FCF /* Project object */ = {
			isa = PBXProject;
			attributes = {
				LastUpgradeCheck = 0430;
			};
			buildConfigurationList = 09ABC06713A1D52D009C3FCF /* Build configuration list for PBXProject "AnySet" */;
			compatibilityVersion = "Xcode 3.2";
			developmentRegion = English;
			hasScannedForEncodings = 0;
			knownRegions = (
				en,
			);
			mainGroup = 09ABC06213A1D52D009C3FCF;
			productRefGroup = 09ABC06E13A1D52D009C3FCF /* Products */;
			projectDirPath = "";
			projectRoot = "";
			targets = (
				C4287348162FBAC800C65EE9 /* AnySet-iPad */,
			);
		};
/* End PBXProject section */

/* Begin PBXResourcesBuildPhase section */
		C428735E162FBAC800C65EE9 /* Resources */ = {
			isa = PBXResourcesBuildPhase;
			buildActionMask = 2147483647;
			files = (
				C4287361162FBAC800C65EE9 /* AnySet-Info.plist in Resources */,
				C4287362162FBAC800C65EE9 /* Default-568h@2x.png in Resources */,
				C4287363162FBAC800C65EE9 /* Default.png in Resources */,
				C4287364162FBAC800C65EE9 /* Default@2x.png in Resources */,
				C4287365162FBAC800C65EE9 /* Entitlements.plist in Resources */,
				C428737A162FC16500C65EE9 /* MainWindow.xib in Resources */,
				E9A465A0162FC01A00644E7B /* AppledocSettings.plist in Resources */,
				E9A465B8162FC15900644E7B /* SPLoginResources.bundle in Resources */,
				C4A1B350162FC6C20020FFBD /* Icon.png in Resources */,
				C4A1B351162FC6C20020FFBD /* Icon@2x.png in Resources */,
			);
			runOnlyForDeploymentPostprocessing = 0;
		};
/* End PBXResourcesBuildPhase section */

/* Begin PBXSourcesBuildPhase section */
		C4287349162FBAC800C65EE9 /* Sources */ = {
			isa = PBXSourcesBuildPhase;
			buildActionMask = 2147483647;
			files = (
				C428734A162FBAC800C65EE9 /* ParseStarterProjectAppDelegate.m in Sources */,
				C428734C162FBAC800C65EE9 /* main.m in Sources */,
				C4287378162FBBFE00C65EE9 /* SongRequestTableViewController.m in Sources */,
				C428737D162FC22300C65EE9 /* SongDetailViewController.m in Sources */,
				E9A46564162FBF9200644E7B /* SPClientUpsellViewController.m in Sources */,
				E9A46565162FBF9200644E7B /* SPFacebookPermissionsViewController.m in Sources */,
				E9A46566162FBF9200644E7B /* SPLicenseViewController.m in Sources */,
				E9A46567162FBF9200644E7B /* SPLoginLogicViewController.m in Sources */,
				E9A46568162FBF9200644E7B /* SPLoginViewController.m in Sources */,
				E9A46569162FBF9200644E7B /* SPSignupViewController.m in Sources */,
				E9A465A1162FC01A00644E7B /* SPAlbum.m in Sources */,
				E9A465A2162FC01A00644E7B /* SPAlbumBrowse.m in Sources */,
				E9A465A3162FC01A00644E7B /* SPArtist.m in Sources */,
				E9A465A4162FC01A00644E7B /* SPArtistBrowse.m in Sources */,
				E9A465A5162FC01A00644E7B /* SPAsyncLoading.m in Sources */,
				E9A465A6162FC01A00644E7B /* SPCircularBuffer.m in Sources */,
				E9A465A7162FC01A00644E7B /* SPCoreAudioController.m in Sources */,
				E9A465A8162FC01A00644E7B /* SPErrorExtensions.m in Sources */,
				E9A465A9162FC01A00644E7B /* SPImage.m in Sources */,
				E9A465AA162FC01A00644E7B /* SPPlaybackManager.m in Sources */,
				E9A465AB162FC01A00644E7B /* SPPlaylist.m in Sources */,
				E9A465AC162FC01A00644E7B /* SPPlaylistContainer.m in Sources */,
				E9A465AD162FC01A00644E7B /* SPPlaylistFolder.m in Sources */,
				E9A465AE162FC01A00644E7B /* SPPlaylistItem.m in Sources */,
				E9A465AF162FC01A00644E7B /* SPPostTracksToInboxOperation.m in Sources */,
				E9A465B0162FC01A00644E7B /* SPSearch.m in Sources */,
				E9A465B1162FC01A00644E7B /* SPSession.m in Sources */,
				E9A465B2162FC01A00644E7B /* SPToplist.m in Sources */,
				E9A465B3162FC01A00644E7B /* SPTrack.m in Sources */,
				E9A465B4162FC01A00644E7B /* SPUnknownPlaylist.m in Sources */,
				E9A465B5162FC01A00644E7B /* SPURLExtensions.m in Sources */,
				E9A465B6162FC01A00644E7B /* SPUser.m in Sources */,
			);
			runOnlyForDeploymentPostprocessing = 0;
		};
/* End PBXSourcesBuildPhase section */

/* Begin XCBuildConfiguration section */
		09ABC08C13A1D52E009C3FCF /* Debug */ = {
			isa = XCBuildConfiguration;
			buildSettings = {
				ARCHS = "$(ARCHS_STANDARD_32_BIT)";
				CODE_SIGN_IDENTITY = "";
				"CODE_SIGN_IDENTITY[sdk=iphoneos*]" = "";
				GCC_C_LANGUAGE_STANDARD = gnu99;
				GCC_OPTIMIZATION_LEVEL = 0;
				GCC_PREPROCESSOR_DEFINITIONS = DEBUG;
				GCC_SYMBOLS_PRIVATE_EXTERN = NO;
				GCC_VERSION = com.apple.compilers.llvm.clang.1_0;
				GCC_WARN_ABOUT_RETURN_TYPE = YES;
				GCC_WARN_UNUSED_VARIABLE = YES;
				IPHONEOS_DEPLOYMENT_TARGET = 4.3;
				SDKROOT = iphoneos;
			};
			name = Debug;
		};
		09ABC08D13A1D52E009C3FCF /* Release */ = {
			isa = XCBuildConfiguration;
			buildSettings = {
				ARCHS = "$(ARCHS_STANDARD_32_BIT)";
				CODE_SIGN_IDENTITY = "";
				"CODE_SIGN_IDENTITY[sdk=iphoneos*]" = "";
				GCC_C_LANGUAGE_STANDARD = gnu99;
				GCC_VERSION = com.apple.compilers.llvm.clang.1_0;
				GCC_WARN_ABOUT_RETURN_TYPE = YES;
				GCC_WARN_UNUSED_VARIABLE = YES;
				IPHONEOS_DEPLOYMENT_TARGET = 4.3;
				OTHER_CFLAGS = "-DNS_BLOCK_ASSERTIONS=1";
				SDKROOT = iphoneos;
			};
			name = Release;
		};
		C4287367162FBAC800C65EE9 /* Debug */ = {
			isa = XCBuildConfiguration;
			buildSettings = {
				ALWAYS_SEARCH_USER_PATHS = NO;
				CLANG_ENABLE_OBJC_ARC = YES;
				COPY_PHASE_STRIP = NO;
				FRAMEWORK_SEARCH_PATHS = (
					"$(inherited)",
					"\"$(SRCROOT)\"",
					"\"$(SRCROOT)/../../../Downloads/libspotify-12.1.51-iOS-universal\"",
				);
				GCC_DYNAMIC_NO_PIC = NO;
				GCC_PRECOMPILE_PREFIX_HEADER = YES;
				GCC_PREFIX_HEADER = "AnySet/AnySet-Prefix.pch";
				GCC_VERSION = com.apple.compilers.llvm.clang.1_0;
				INFOPLIST_FILE = "AnySet/AnySet-Info.plist";
				IPHONEOS_DEPLOYMENT_TARGET = 6.0;
				OTHER_LDFLAGS = (
					"-all_load",
					"-ObjC",
				);
				PRODUCT_NAME = AnySet;
				TARGETED_DEVICE_FAMILY = 2;
				WRAPPER_EXTENSION = app;
			};
			name = Debug;
		};
		C4287368162FBAC800C65EE9 /* Release */ = {
			isa = XCBuildConfiguration;
			buildSettings = {
				ALWAYS_SEARCH_USER_PATHS = NO;
				CLANG_ENABLE_OBJC_ARC = YES;
				COPY_PHASE_STRIP = YES;
				FRAMEWORK_SEARCH_PATHS = (
					"$(inherited)",
					"\"$(SRCROOT)\"",
					"\"$(SRCROOT)/../../../Downloads/libspotify-12.1.51-iOS-universal\"",
				);
				GCC_PRECOMPILE_PREFIX_HEADER = YES;
				GCC_PREFIX_HEADER = "AnySet/AnySet-Prefix.pch";
				GCC_VERSION = com.apple.compilers.llvm.clang.1_0;
				INFOPLIST_FILE = "AnySet/AnySet-Info.plist";
				IPHONEOS_DEPLOYMENT_TARGET = 6.0;
				OTHER_LDFLAGS = (
					"-all_load",
					"-ObjC",
				);
				PRODUCT_NAME = AnySet;
				TARGETED_DEVICE_FAMILY = 2;
				VALIDATE_PRODUCT = YES;
				WRAPPER_EXTENSION = app;
			};
			name = Release;
		};
/* End XCBuildConfiguration section */

/* Begin XCConfigurationList section */
		09ABC06713A1D52D009C3FCF /* Build configuration list for PBXProject "AnySet" */ = {
			isa = XCConfigurationList;
			buildConfigurations = (
				09ABC08C13A1D52E009C3FCF /* Debug */,
				09ABC08D13A1D52E009C3FCF /* Release */,
			);
			defaultConfigurationIsVisible = 0;
			defaultConfigurationName = Release;
		};
		C4287366162FBAC800C65EE9 /* Build configuration list for PBXNativeTarget "AnySet-iPad" */ = {
			isa = XCConfigurationList;
			buildConfigurations = (
				C4287367162FBAC800C65EE9 /* Debug */,
				C4287368162FBAC800C65EE9 /* Release */,
			);
			defaultConfigurationIsVisible = 0;
			defaultConfigurationName = Release;
		};
/* End XCConfigurationList section */
	};
	rootObject = 09ABC06413A1D52D009C3FCF /* Project object */;
}
